
Microsoft Visual Studio Solution File, Format Version 12.00
# Visual Studio Version 16
VisualStudioVersion = 16.0.30413.136
MinimumVisualStudioVersion = 10.0.40219.1
Project("{9A19103F-16F7-4668-BE54-9A1E7A4F7556}") = "Registro", "Registro.csproj", "{589B5ABA-218B-48A4-82FE-7148327DD06C}"
EndProject
Project("{2150E333-8FDC-42A3-9474-1A3956D46DE8}") = "Solution Items", "Solution Items", "{27E521CA-2252-4F12-B6C4-A15C06B7F35F}"
	ProjectSection(SolutionItems) = preProject
		.editorconfig = .editorconfig
	EndProjectSection
EndProject
Global
	GlobalSection(SolutionConfigurationPlatforms) = preSolution
		Debug|Any CPU = Debug|Any CPU
		Release|Any CPU = Release|Any CPU
	EndGlobalSection
	GlobalSection(ProjectConfigurationPlatforms) = postSolution
		{589B5ABA-218B-48A4-82FE-7148327DD06C}.Debug|Any CPU.ActiveCfg = Debug|Any CPU
		{589B5ABA-218B-48A4-82FE-7148327DD06C}.Debug|Any CPU.Build.0 = Debug|Any CPU
		{589B5ABA-218B-48A4-82FE-7148327DD06C}.Release|Any CPU.ActiveCfg = Release|Any CPU
		{589B5ABA-218B-48A4-82FE-7148327DD06C}.Release|Any CPU.Build.0 = Release|Any CPU
	EndGlobalSection
	GlobalSection(SolutionProperties) = preSolution
		HideSolutionNode = FALSE
	EndGlobalSection
	GlobalSection(ExtensibilityGlobals) = postSolution
		SolutionGuid = {9EADA374-72E0-4405-A819-49681F1FDB01}
	EndGlobalSection
EndGlobal
