
Microsoft Visual Studio Solution File, Format Version 12.00
# Visual Studio Version 16
VisualStudioVersion = 16.0.30413.136
MinimumVisualStudioVersion = 10.0.40219.1
Project("{FAE04EC0-301F-11D3-BF4B-00C04F79EFBC}") = "Registro", "Registro.csproj", "{589B5ABA-218B-48A4-82FE-7148327DD06C}"
EndProject
Global
	GlobalSection(SolutionConfigurationPlatforms) = preSolution
		Debug|Any CPU = Debug|Any CPU
		Release|Any CPU = Release|Any CPU
	EndGlobalSection
	GlobalSection(ProjectConfigurationPlatforms) = postSolution
		{589B5ABA-218B-48A4-82FE-7148327DD06C}.Debug|Any CPU.ActiveCfg = Debug|Any CPU
		{589B5ABA-218B-48A4-82FE-7148327DD06C}.Debug|Any CPU.Build.0 = Debug|Any CPU
		{589B5ABA-218B-48A4-82FE-7148327DD06C}.Release|Any CPU.ActiveCfg = Release|Any CPU
		{589B5ABA-218B-48A4-82FE-7148327DD06C}.Release|Any CPU.Build.0 = Release|Any CPU
	EndGlobalSection
	GlobalSection(SolutionProperties) = preSolution
		HideSolutionNode = FALSE
	EndGlobalSection
	GlobalSection(ExtensibilityGlobals) = postSolution
		SolutionGuid = {9EADA374-72E0-4405-A819-49681F1FDB01}
	EndGlobalSection
EndGlobal
